
Microsoft Visual Studio Solution File, Format Version 12.00
# Visual Studio Version 16
VisualStudioVersion = 16.0.29009.5
MinimumVisualStudioVersion = 10.0.40219.1
Project("{FAE04EC0-301F-11D3-BF4B-00C04F79EFBC}") = "TwitchBot", "TwitchBot.csproj", "{95348A8B-8DDB-44D2-9567-ACC120CABD80}"
EndProject
Global
	GlobalSection(SolutionConfigurationPlatforms) = preSolution
		Debug|Any CPU = Debug|Any CPU
		Release|Any CPU = Release|Any CPU
	EndGlobalSection
	GlobalSection(ProjectConfigurationPlatforms) = postSolution
		{95348A8B-8DDB-44D2-9567-ACC120CABD80}.Debug|Any CPU.ActiveCfg = Debug|Any CPU
		{95348A8B-8DDB-44D2-9567-ACC120CABD80}.Debug|Any CPU.Build.0 = Debug|Any CPU
		{95348A8B-8DDB-44D2-9567-ACC120CABD80}.Release|Any CPU.ActiveCfg = Release|Any CPU
		{95348A8B-8DDB-44D2-9567-ACC120CABD80}.Release|Any CPU.Build.0 = Release|Any CPU
	EndGlobalSection
	GlobalSection(SolutionProperties) = preSolution
		HideSolutionNode = FALSE
	EndGlobalSection
	GlobalSection(ExtensibilityGlobals) = postSolution
		SolutionGuid = {A98EBD48-29B5-4342-84CD-4E68DA9B8E35}
	EndGlobalSection
EndGlobal
